schema: '2.0'
stages:
  fit-model:
    cmd: Rscript model.R
    deps:
    - path: data/products.csv
      md5: bec3fcdddcdb4363d86df84f04110568
      size: 13165373
    - path: data/tweets.csv
      md5: 6cc42163f26e9fe221c181e5c4a04c6b
      size: 6074649
    - path: model.R
      md5: d9495551c5a0fa766303c8b134e3bd6b
      size: 2447
    outs:
    - path: accuracy.md
      md5: 8f79d38211a2bdb23beea59c2cbc2cc8
      size: 119
    - path: conf.md
      md5: 4dd3597309d2679309aa1d3ecea7e64d
      size: 110
    - path: fit.md
      md5: 46fc32638ab91ac25a8303a1c367690f
      size: 1716
    - path: metrics.json
      md5: fe1cfcc16b68e0e717169ca6ab24d7b1
      size: 576
  install-dependencies:
    cmd: sh dependencies.sh
