schema: '2.0'
stages:
  fit-model:
    cmd: Rscript model.R
    deps:
    - path: data/products.csv
      md5: bec3fcdddcdb4363d86df84f04110568
      size: 13165373
    - path: data/tweets.csv
      md5: 6cc42163f26e9fe221c181e5c4a04c6b
      size: 6074649
    - path: model.R
      md5: 5c1719d329d44845fbda4f97a2578198
      size: 2602
    outs:
    - path: accuracy.md
      md5: 72077da6f3166507f792c119f18ae2a8
      size: 119
    - path: conf.md
      md5: 1489bc6c3f7e132b0d5e65f10da42de5
      size: 110
    - path: fit.md
      md5: 370e941358958e0ca42e129576ba8df5
      size: 1730
    - path: metrics.json
      md5: 6bfa1b6f639fd82edf88df56a82fdaa9
      size: 542
  install-dependencies:
    cmd: sh dependencies.sh
