schema: '2.0'
stages:
  fit-model:
    cmd: Rscript model.R
    deps:
    - path: data/products.csv
      md5: bec3fcdddcdb4363d86df84f04110568
      size: 13165373
    - path: data/tweets.csv
      md5: 6cc42163f26e9fe221c181e5c4a04c6b
      size: 6074649
    - path: model.R
      md5: 39c4a8104ae5a1ffcdfada56bc1f0246
      size: 2603
    outs:
    - path: accuracy.md
      md5: ff315eac9ad1ddef4f9c8e32fb3a6d7b
      size: 119
    - path: conf.md
      md5: c1fce353dc8b9935372a577861d98a0c
      size: 110
    - path: fit.md
      md5: 88ae1d31ca74046d5bb239ea60445c8d
      size: 1729
    - path: metrics.json
      md5: 9d8e3891b36a1be427b6f63c2cc2b4b6
      size: 542
  install-dependencies:
    cmd: sh dependencies.sh
